// !$*UTF8*$!
{
	archiveVersion = 1;
	classes = {
	};
	objectVersion = 51;
	objects = {

/* Begin PBXBuildFile section */
		2D4E0B2327214392000E4163 /* RealmService.swift in Sources */ = {isa = PBXBuildFile; fileRef = 2D4E0B2227214392000E4163 /* RealmService.swift */; };
		2D59664827235CDB00BEF1C2 /* HomeViewControllerTableSectionHeaderView.swift in Sources */ = {isa = PBXBuildFile; fileRef = 2D59664727235CDB00BEF1C2 /* HomeViewControllerTableSectionHeaderView.swift */; };
		2D59664A27235CE600BEF1C2 /* HomeViewControllerTableSectionHeaderView.xib in Resources */ = {isa = PBXBuildFile; fileRef = 2D59664927235CE600BEF1C2 /* HomeViewControllerTableSectionHeaderView.xib */; };
		2D59664D272362D600BEF1C2 /* AnimationViewController.swift in Sources */ = {isa = PBXBuildFile; fileRef = 2D59664B272362D600BEF1C2 /* AnimationViewController.swift */; };
		2D59664E272362D600BEF1C2 /* AnimationViewController.xib in Resources */ = {isa = PBXBuildFile; fileRef = 2D59664C272362D600BEF1C2 /* AnimationViewController.xib */; };
		2D596650272362EE00BEF1C2 /* AnimationViewModel.swift in Sources */ = {isa = PBXBuildFile; fileRef = 2D59664F272362EE00BEF1C2 /* AnimationViewModel.swift */; };
		2D7D2AB727205A6F00A9AE24 /* AppDelegate.swift in Sources */ = {isa = PBXBuildFile; fileRef = 2D7D2AB627205A6F00A9AE24 /* AppDelegate.swift */; };
		2D7D2AC027205A7100A9AE24 /* Assets.xcassets in Resources */ = {isa = PBXBuildFile; fileRef = 2D7D2ABF27205A7100A9AE24 /* Assets.xcassets */; };
		2D7D2AC327205A7100A9AE24 /* LaunchScreen.storyboard in Resources */ = {isa = PBXBuildFile; fileRef = 2D7D2AC127205A7100A9AE24 /* LaunchScreen.storyboard */; };
		2D7D2ACE27205A7100A9AE24 /* NewsTests.swift in Sources */ = {isa = PBXBuildFile; fileRef = 2D7D2ACD27205A7100A9AE24 /* NewsTests.swift */; };
		2D7D2AD927205A7100A9AE24 /* NewsUITests.swift in Sources */ = {isa = PBXBuildFile; fileRef = 2D7D2AD827205A7100A9AE24 /* NewsUITests.swift */; };
		2D7D2AEF27205BEE00A9AE24 /* News.storyboard in Resources */ = {isa = PBXBuildFile; fileRef = 2D7D2AEE27205BED00A9AE24 /* News.storyboard */; };
		2D7D2AF127205C3D00A9AE24 /* AppCoordinator.swift in Sources */ = {isa = PBXBuildFile; fileRef = 2D7D2AF027205C3D00A9AE24 /* AppCoordinator.swift */; };
		2D7D2AF527205D9900A9AE24 /* HomeViewController.swift in Sources */ = {isa = PBXBuildFile; fileRef = 2D7D2AF327205D9900A9AE24 /* HomeViewController.swift */; };
		2D7D2AF627205D9900A9AE24 /* HomeViewController.xib in Resources */ = {isa = PBXBuildFile; fileRef = 2D7D2AF427205D9900A9AE24 /* HomeViewController.xib */; };
		2D7D2AF827205DA500A9AE24 /* HomeViewModel.swift in Sources */ = {isa = PBXBuildFile; fileRef = 2D7D2AF727205DA500A9AE24 /* HomeViewModel.swift */; };
		2D7D2AFB27205EB800A9AE24 /* Constants.swift in Sources */ = {isa = PBXBuildFile; fileRef = 2D7D2AFA27205EB800A9AE24 /* Constants.swift */; };
		2D7D2AFD27205F5B00A9AE24 /* NetworkService.swift in Sources */ = {isa = PBXBuildFile; fileRef = 2D7D2AFC27205F5B00A9AE24 /* NetworkService.swift */; };
		2D7D2AFF2720613B00A9AE24 /* News.swift in Sources */ = {isa = PBXBuildFile; fileRef = 2D7D2AFE2720613B00A9AE24 /* News.swift */; };
		2D7D2B032720789900A9AE24 /* HomeViewControllerTableViewCell.swift in Sources */ = {isa = PBXBuildFile; fileRef = 2D7D2B012720789900A9AE24 /* HomeViewControllerTableViewCell.swift */; };
		2D7D2B042720789900A9AE24 /* HomeViewControllerTableViewCell.xib in Resources */ = {isa = PBXBuildFile; fileRef = 2D7D2B022720789900A9AE24 /* HomeViewControllerTableViewCell.xib */; };
		2D7D2B0627207D8000A9AE24 /* StyleKit.swift in Sources */ = {isa = PBXBuildFile; fileRef = 2D7D2B0527207D8000A9AE24 /* StyleKit.swift */; };
		2D7D2B0827207DB800A9AE24 /* UIFont+App.swift in Sources */ = {isa = PBXBuildFile; fileRef = 2D7D2B0727207DB800A9AE24 /* UIFont+App.swift */; };
		2D7D2B0A27207DF100A9AE24 /* UIColor+App.swift in Sources */ = {isa = PBXBuildFile; fileRef = 2D7D2B0927207DF100A9AE24 /* UIColor+App.swift */; };
		2D7D2B0C272090C000A9AE24 /* DialogUtils.swift in Sources */ = {isa = PBXBuildFile; fileRef = 2D7D2B0B272090C000A9AE24 /* DialogUtils.swift */; };
		2D7D2B102720951100A9AE24 /* FullNewsViewController.swift in Sources */ = {isa = PBXBuildFile; fileRef = 2D7D2B0E2720951100A9AE24 /* FullNewsViewController.swift */; };
		2D7D2B112720951100A9AE24 /* FullNewsViewController.xib in Resources */ = {isa = PBXBuildFile; fileRef = 2D7D2B0F2720951100A9AE24 /* FullNewsViewController.xib */; };
		2D7D2B132720952100A9AE24 /* FullNewsViewModel.swift in Sources */ = {isa = PBXBuildFile; fileRef = 2D7D2B122720952100A9AE24 /* FullNewsViewModel.swift */; };
		2D89492B2723FE44001D73CD /* String+App.swift in Sources */ = {isa = PBXBuildFile; fileRef = 2D89492A2723FE44001D73CD /* String+App.swift */; };
		6D2AC24408BEF67149E19183 /* Pods_News_NewsUITests.framework in Frameworks */ = {isa = PBXBuildFile; fileRef = 6B9BB1746A7DEE4869D54E79 /* Pods_News_NewsUITests.framework */; };
		7C1D1791C77F796DBB517D10 /* Pods_NewsTests.framework in Frameworks */ = {isa = PBXBuildFile; fileRef = DB1447D61E2CB19F276AB6E9 /* Pods_NewsTests.framework */; };
		90D5CF6A3B97931DC03FC917 /* Pods_News.framework in Frameworks */ = {isa = PBXBuildFile; fileRef = D26BD1BD567F71F82523C5AF /* Pods_News.framework */; };
/* End PBXBuildFile section */

/* Begin PBXContainerItemProxy section */
		2D7D2ACA27205A7100A9AE24 /* PBXContainerItemProxy */ = {
			isa = PBXContainerItemProxy;
			containerPortal = 2D7D2AAB27205A6F00A9AE24 /* Project object */;
			proxyType = 1;
			remoteGlobalIDString = 2D7D2AB227205A6F00A9AE24;
			remoteInfo = News;
		};
		2D7D2AD527205A7100A9AE24 /* PBXContainerItemProxy */ = {
			isa = PBXContainerItemProxy;
			containerPortal = 2D7D2AAB27205A6F00A9AE24 /* Project object */;
			proxyType = 1;
			remoteGlobalIDString = 2D7D2AB227205A6F00A9AE24;
			remoteInfo = News;
		};
/* End PBXContainerItemProxy section */

/* Begin PBXFileReference section */
		07686B6A8FF3982EC9AE65FD /* Pods-News-NewsUITests.debug.xcconfig */ = {isa = PBXFileReference; includeInIndex = 1; lastKnownFileType = text.xcconfig; name = "Pods-News-NewsUITests.debug.xcconfig"; path = "Target Support Files/Pods-News-NewsUITests/Pods-News-NewsUITests.debug.xcconfig"; sourceTree = "<group>"; };
		2D4E0B2227214392000E4163 /* RealmService.swift */ = {isa = PBXFileReference; lastKnownFileType = sourcecode.swift; path = RealmService.swift; sourceTree = "<group>"; };
		2D59664727235CDB00BEF1C2 /* HomeViewControllerTableSectionHeaderView.swift */ = {isa = PBXFileReference; lastKnownFileType = sourcecode.swift; path = HomeViewControllerTableSectionHeaderView.swift; sourceTree = "<group>"; };
		2D59664927235CE600BEF1C2 /* HomeViewControllerTableSectionHeaderView.xib */ = {isa = PBXFileReference; lastKnownFileType = file.xib; path = HomeViewControllerTableSectionHeaderView.xib; sourceTree = "<group>"; };
		2D59664B272362D600BEF1C2 /* AnimationViewController.swift */ = {isa = PBXFileReference; lastKnownFileType = sourcecode.swift; path = AnimationViewController.swift; sourceTree = "<group>"; };
		2D59664C272362D600BEF1C2 /* AnimationViewController.xib */ = {isa = PBXFileReference; lastKnownFileType = file.xib; path = AnimationViewController.xib; sourceTree = "<group>"; };
		2D59664F272362EE00BEF1C2 /* AnimationViewModel.swift */ = {isa = PBXFileReference; lastKnownFileType = sourcecode.swift; path = AnimationViewModel.swift; sourceTree = "<group>"; };
		2D7D2AB327205A6F00A9AE24 /* News.app */ = {isa = PBXFileReference; explicitFileType = wrapper.application; includeInIndex = 0; path = News.app; sourceTree = BUILT_PRODUCTS_DIR; };
		2D7D2AB627205A6F00A9AE24 /* AppDelegate.swift */ = {isa = PBXFileReference; lastKnownFileType = sourcecode.swift; path = AppDelegate.swift; sourceTree = "<group>"; };
		2D7D2ABF27205A7100A9AE24 /* Assets.xcassets */ = {isa = PBXFileReference; lastKnownFileType = folder.assetcatalog; path = Assets.xcassets; sourceTree = "<group>"; };
		2D7D2AC227205A7100A9AE24 /* Base */ = {isa = PBXFileReference; lastKnownFileType = file.storyboard; name = Base; path = Base.lproj/LaunchScreen.storyboard; sourceTree = "<group>"; };
		2D7D2AC427205A7100A9AE24 /* Info.plist */ = {isa = PBXFileReference; lastKnownFileType = text.plist.xml; path = Info.plist; sourceTree = "<group>"; };
		2D7D2AC927205A7100A9AE24 /* NewsTests.xctest */ = {isa = PBXFileReference; explicitFileType = wrapper.cfbundle; includeInIndex = 0; path = NewsTests.xctest; sourceTree = BUILT_PRODUCTS_DIR; };
		2D7D2ACD27205A7100A9AE24 /* NewsTests.swift */ = {isa = PBXFileReference; lastKnownFileType = sourcecode.swift; path = NewsTests.swift; sourceTree = "<group>"; };
		2D7D2ACF27205A7100A9AE24 /* Info.plist */ = {isa = PBXFileReference; lastKnownFileType = text.plist.xml; path = Info.plist; sourceTree = "<group>"; };
		2D7D2AD427205A7100A9AE24 /* NewsUITests.xctest */ = {isa = PBXFileReference; explicitFileType = wrapper.cfbundle; includeInIndex = 0; path = NewsUITests.xctest; sourceTree = BUILT_PRODUCTS_DIR; };
		2D7D2AD827205A7100A9AE24 /* NewsUITests.swift */ = {isa = PBXFileReference; lastKnownFileType = sourcecode.swift; path = NewsUITests.swift; sourceTree = "<group>"; };
		2D7D2ADA27205A7100A9AE24 /* Info.plist */ = {isa = PBXFileReference; lastKnownFileType = text.plist.xml; path = Info.plist; sourceTree = "<group>"; };
		2D7D2AEE27205BED00A9AE24 /* News.storyboard */ = {isa = PBXFileReference; lastKnownFileType = file.storyboard; path = News.storyboard; sourceTree = "<group>"; };
		2D7D2AF027205C3D00A9AE24 /* AppCoordinator.swift */ = {isa = PBXFileReference; lastKnownFileType = sourcecode.swift; path = AppCoordinator.swift; sourceTree = "<group>"; };
		2D7D2AF327205D9900A9AE24 /* HomeViewController.swift */ = {isa = PBXFileReference; lastKnownFileType = sourcecode.swift; path = HomeViewController.swift; sourceTree = "<group>"; };
		2D7D2AF427205D9900A9AE24 /* HomeViewController.xib */ = {isa = PBXFileReference; lastKnownFileType = file.xib; path = HomeViewController.xib; sourceTree = "<group>"; };
		2D7D2AF727205DA500A9AE24 /* HomeViewModel.swift */ = {isa = PBXFileReference; lastKnownFileType = sourcecode.swift; path = HomeViewModel.swift; sourceTree = "<group>"; };
		2D7D2AFA27205EB800A9AE24 /* Constants.swift */ = {isa = PBXFileReference; lastKnownFileType = sourcecode.swift; path = Constants.swift; sourceTree = "<group>"; };
		2D7D2AFC27205F5B00A9AE24 /* NetworkService.swift */ = {isa = PBXFileReference; lastKnownFileType = sourcecode.swift; path = NetworkService.swift; sourceTree = "<group>"; };
		2D7D2AFE2720613B00A9AE24 /* News.swift */ = {isa = PBXFileReference; lastKnownFileType = sourcecode.swift; path = News.swift; sourceTree = "<group>"; };
		2D7D2B012720789900A9AE24 /* HomeViewControllerTableViewCell.swift */ = {isa = PBXFileReference; lastKnownFileType = sourcecode.swift; path = HomeViewControllerTableViewCell.swift; sourceTree = "<group>"; };
		2D7D2B022720789900A9AE24 /* HomeViewControllerTableViewCell.xib */ = {isa = PBXFileReference; lastKnownFileType = file.xib; path = HomeViewControllerTableViewCell.xib; sourceTree = "<group>"; };
		2D7D2B0527207D8000A9AE24 /* StyleKit.swift */ = {isa = PBXFileReference; lastKnownFileType = sourcecode.swift; path = StyleKit.swift; sourceTree = "<group>"; };
		2D7D2B0727207DB800A9AE24 /* UIFont+App.swift */ = {isa = PBXFileReference; lastKnownFileType = sourcecode.swift; path = "UIFont+App.swift"; sourceTree = "<group>"; };
		2D7D2B0927207DF100A9AE24 /* UIColor+App.swift */ = {isa = PBXFileReference; lastKnownFileType = sourcecode.swift; path = "UIColor+App.swift"; sourceTree = "<group>"; };
		2D7D2B0B272090C000A9AE24 /* DialogUtils.swift */ = {isa = PBXFileReference; lastKnownFileType = sourcecode.swift; path = DialogUtils.swift; sourceTree = "<group>"; };
		2D7D2B0E2720951100A9AE24 /* FullNewsViewController.swift */ = {isa = PBXFileReference; lastKnownFileType = sourcecode.swift; path = FullNewsViewController.swift; sourceTree = "<group>"; };
		2D7D2B0F2720951100A9AE24 /* FullNewsViewController.xib */ = {isa = PBXFileReference; lastKnownFileType = file.xib; path = FullNewsViewController.xib; sourceTree = "<group>"; };
		2D7D2B122720952100A9AE24 /* FullNewsViewModel.swift */ = {isa = PBXFileReference; lastKnownFileType = sourcecode.swift; path = FullNewsViewModel.swift; sourceTree = "<group>"; };
		2D89492A2723FE44001D73CD /* String+App.swift */ = {isa = PBXFileReference; lastKnownFileType = sourcecode.swift; path = "String+App.swift"; sourceTree = "<group>"; };
		3D64770C28A3023F93E79CB6 /* Pods-News.debug.xcconfig */ = {isa = PBXFileReference; includeInIndex = 1; lastKnownFileType = text.xcconfig; name = "Pods-News.debug.xcconfig"; path = "Target Support Files/Pods-News/Pods-News.debug.xcconfig"; sourceTree = "<group>"; };
		472738ABC4883F7C08B9702E /* Pods-NewsTests.debug.xcconfig */ = {isa = PBXFileReference; includeInIndex = 1; lastKnownFileType = text.xcconfig; name = "Pods-NewsTests.debug.xcconfig"; path = "Target Support Files/Pods-NewsTests/Pods-NewsTests.debug.xcconfig"; sourceTree = "<group>"; };
		6638D3CCE24427D6972E7881 /* Pods-NewsTests.release.xcconfig */ = {isa = PBXFileReference; includeInIndex = 1; lastKnownFileType = text.xcconfig; name = "Pods-NewsTests.release.xcconfig"; path = "Target Support Files/Pods-NewsTests/Pods-NewsTests.release.xcconfig"; sourceTree = "<group>"; };
		6B9BB1746A7DEE4869D54E79 /* Pods_News_NewsUITests.framework */ = {isa = PBXFileReference; explicitFileType = wrapper.framework; includeInIndex = 0; path = Pods_News_NewsUITests.framework; sourceTree = BUILT_PRODUCTS_DIR; };
		CE5F6C1E885B11ED39D10D37 /* Pods-News.release.xcconfig */ = {isa = PBXFileReference; includeInIndex = 1; lastKnownFileType = text.xcconfig; name = "Pods-News.release.xcconfig"; path = "Target Support Files/Pods-News/Pods-News.release.xcconfig"; sourceTree = "<group>"; };
		D26BD1BD567F71F82523C5AF /* Pods_News.framework */ = {isa = PBXFileReference; explicitFileType = wrapper.framework; includeInIndex = 0; path = Pods_News.framework; sourceTree = BUILT_PRODUCTS_DIR; };
		DB1447D61E2CB19F276AB6E9 /* Pods_NewsTests.framework */ = {isa = PBXFileReference; explicitFileType = wrapper.framework; includeInIndex = 0; path = Pods_NewsTests.framework; sourceTree = BUILT_PRODUCTS_DIR; };
		DF2AA628989083D3E95DCBA1 /* Pods-News-NewsUITests.release.xcconfig */ = {isa = PBXFileReference; includeInIndex = 1; lastKnownFileType = text.xcconfig; name = "Pods-News-NewsUITests.release.xcconfig"; path = "Target Support Files/Pods-News-NewsUITests/Pods-News-NewsUITests.release.xcconfig"; sourceTree = "<group>"; };
/* End PBXFileReference section */

/* Begin PBXFrameworksBuildPhase section */
		2D7D2AB027205A6F00A9AE24 /* Frameworks */ = {
			isa = PBXFrameworksBuildPhase;
			buildActionMask = 2147483647;
			files = (
				90D5CF6A3B97931DC03FC917 /* Pods_News.framework in Frameworks */,
			);
			runOnlyForDeploymentPostprocessing = 0;
		};
		2D7D2AC627205A7100A9AE24 /* Frameworks */ = {
			isa = PBXFrameworksBuildPhase;
			buildActionMask = 2147483647;
			files = (
				7C1D1791C77F796DBB517D10 /* Pods_NewsTests.framework in Frameworks */,
			);
			runOnlyForDeploymentPostprocessing = 0;
		};
		2D7D2AD127205A7100A9AE24 /* Frameworks */ = {
			isa = PBXFrameworksBuildPhase;
			buildActionMask = 2147483647;
			files = (
				6D2AC24408BEF67149E19183 /* Pods_News_NewsUITests.framework in Frameworks */,
			);
			runOnlyForDeploymentPostprocessing = 0;
		};
/* End PBXFrameworksBuildPhase section */

/* Begin PBXGroup section */
		2D59663C2723542C00BEF1C2 /* HomeViewControllerTableHeaderView */ = {
			isa = PBXGroup;
			children = (
				2D59664727235CDB00BEF1C2 /* HomeViewControllerTableSectionHeaderView.swift */,
				2D59664927235CE600BEF1C2 /* HomeViewControllerTableSectionHeaderView.xib */,
			);
			path = HomeViewControllerTableHeaderView;
			sourceTree = "<group>";
		};
		2D596651272362F300BEF1C2 /* AnimationViewController */ = {
			isa = PBXGroup;
			children = (
				2D59664B272362D600BEF1C2 /* AnimationViewController.swift */,
				2D59664C272362D600BEF1C2 /* AnimationViewController.xib */,
				2D59664F272362EE00BEF1C2 /* AnimationViewModel.swift */,
			);
			path = AnimationViewController;
			sourceTree = "<group>";
		};
		2D7D2AAA27205A6F00A9AE24 = {
			isa = PBXGroup;
			children = (
				2D7D2AB527205A6F00A9AE24 /* News */,
				2D7D2ACC27205A7100A9AE24 /* NewsTests */,
				2D7D2AD727205A7100A9AE24 /* NewsUITests */,
				2D7D2AB427205A6F00A9AE24 /* Products */,
				AD8E4CAF87C03FDB65D2E0A4 /* Pods */,
				721327C9C1E530F6E4DAF2DE /* Frameworks */,
			);
			sourceTree = "<group>";
		};
		2D7D2AB427205A6F00A9AE24 /* Products */ = {
			isa = PBXGroup;
			children = (
				2D7D2AB327205A6F00A9AE24 /* News.app */,
				2D7D2AC927205A7100A9AE24 /* NewsTests.xctest */,
				2D7D2AD427205A7100A9AE24 /* NewsUITests.xctest */,
			);
			name = Products;
			sourceTree = "<group>";
		};
		2D7D2AB527205A6F00A9AE24 /* News */ = {
			isa = PBXGroup;
			children = (
				2D7D2AE627205B7300A9AE24 /* Application */,
				2D7D2AE727205B9500A9AE24 /* Resources */,
				2D7D2AE827205BA500A9AE24 /* Network */,
				2D7D2AE927205BAC00A9AE24 /* Model */,
				2D7D2AEC27205BC800A9AE24 /* Coordinators */,
				2D7D2AED27205BD400A9AE24 /* ViewController */,
				2D7D2AEB27205BBC00A9AE24 /* Utilities */,
				2D7D2AEA27205BB200A9AE24 /* Extensions */,
			);
			path = News;
			sourceTree = "<group>";
		};
		2D7D2ACC27205A7100A9AE24 /* NewsTests */ = {
			isa = PBXGroup;
			children = (
				2D7D2ACD27205A7100A9AE24 /* NewsTests.swift */,
				2D7D2ACF27205A7100A9AE24 /* Info.plist */,
			);
			path = NewsTests;
			sourceTree = "<group>";
		};
		2D7D2AD727205A7100A9AE24 /* NewsUITests */ = {
			isa = PBXGroup;
			children = (
				2D7D2AD827205A7100A9AE24 /* NewsUITests.swift */,
				2D7D2ADA27205A7100A9AE24 /* Info.plist */,
			);
			path = NewsUITests;
			sourceTree = "<group>";
		};
		2D7D2AE627205B7300A9AE24 /* Application */ = {
			isa = PBXGroup;
			children = (
				2D7D2AB627205A6F00A9AE24 /* AppDelegate.swift */,
				2D7D2AC427205A7100A9AE24 /* Info.plist */,
				2D7D2AC127205A7100A9AE24 /* LaunchScreen.storyboard */,
				2D7D2AEE27205BED00A9AE24 /* News.storyboard */,
			);
			path = Application;
			sourceTree = "<group>";
		};
		2D7D2AE727205B9500A9AE24 /* Resources */ = {
			isa = PBXGroup;
			children = (
				2D7D2ABF27205A7100A9AE24 /* Assets.xcassets */,
			);
			path = Resources;
			sourceTree = "<group>";
		};
		2D7D2AE827205BA500A9AE24 /* Network */ = {
			isa = PBXGroup;
			children = (
				2D7D2AFC27205F5B00A9AE24 /* NetworkService.swift */,
			);
			path = Network;
			sourceTree = "<group>";
		};
		2D7D2AE927205BAC00A9AE24 /* Model */ = {
			isa = PBXGroup;
			children = (
				2D7D2AFE2720613B00A9AE24 /* News.swift */,
			);
			path = Model;
			sourceTree = "<group>";
		};
		2D7D2AEA27205BB200A9AE24 /* Extensions */ = {
			isa = PBXGroup;
			children = (
				2D7D2B0727207DB800A9AE24 /* UIFont+App.swift */,
				2D7D2B0927207DF100A9AE24 /* UIColor+App.swift */,
				2D89492A2723FE44001D73CD /* String+App.swift */,
			);
			path = Extensions;
			sourceTree = "<group>";
		};
		2D7D2AEB27205BBC00A9AE24 /* Utilities */ = {
			isa = PBXGroup;
			children = (
				2D7D2AFA27205EB800A9AE24 /* Constants.swift */,
				2D7D2B0527207D8000A9AE24 /* StyleKit.swift */,
				2D7D2B0B272090C000A9AE24 /* DialogUtils.swift */,
				2D4E0B2227214392000E4163 /* RealmService.swift */,
			);
			path = Utilities;
			sourceTree = "<group>";
		};
		2D7D2AEC27205BC800A9AE24 /* Coordinators */ = {
			isa = PBXGroup;
			children = (
				2D7D2AF027205C3D00A9AE24 /* AppCoordinator.swift */,
			);
			path = Coordinators;
			sourceTree = "<group>";
		};
		2D7D2AED27205BD400A9AE24 /* ViewController */ = {
			isa = PBXGroup;
			children = (
				2D596651272362F300BEF1C2 /* AnimationViewController */,
				2D7D2B0D272094E700A9AE24 /* FullNewsViewController */,
				2D7D2AF227205D8400A9AE24 /* HomeViewController */,
			);
			path = ViewController;
			sourceTree = "<group>";
		};
		2D7D2AF227205D8400A9AE24 /* HomeViewController */ = {
			isa = PBXGroup;
			children = (
				2D59663C2723542C00BEF1C2 /* HomeViewControllerTableHeaderView */,
				2D7D2B002720787B00A9AE24 /* HomeViewControllerTableViewCell */,
				2D7D2AF327205D9900A9AE24 /* HomeViewController.swift */,
				2D7D2AF427205D9900A9AE24 /* HomeViewController.xib */,
				2D7D2AF727205DA500A9AE24 /* HomeViewModel.swift */,
			);
			path = HomeViewController;
			sourceTree = "<group>";
		};
		2D7D2B002720787B00A9AE24 /* HomeViewControllerTableViewCell */ = {
			isa = PBXGroup;
			children = (
				2D7D2B012720789900A9AE24 /* HomeViewControllerTableViewCell.swift */,
				2D7D2B022720789900A9AE24 /* HomeViewControllerTableViewCell.xib */,
			);
			path = HomeViewControllerTableViewCell;
			sourceTree = "<group>";
		};
		2D7D2B0D272094E700A9AE24 /* FullNewsViewController */ = {
			isa = PBXGroup;
			children = (
				2D7D2B0E2720951100A9AE24 /* FullNewsViewController.swift */,
				2D7D2B0F2720951100A9AE24 /* FullNewsViewController.xib */,
				2D7D2B122720952100A9AE24 /* FullNewsViewModel.swift */,
			);
			path = FullNewsViewController;
			sourceTree = "<group>";
		};
		721327C9C1E530F6E4DAF2DE /* Frameworks */ = {
			isa = PBXGroup;
			children = (
				D26BD1BD567F71F82523C5AF /* Pods_News.framework */,
				6B9BB1746A7DEE4869D54E79 /* Pods_News_NewsUITests.framework */,
				DB1447D61E2CB19F276AB6E9 /* Pods_NewsTests.framework */,
			);
			name = Frameworks;
			sourceTree = "<group>";
		};
		AD8E4CAF87C03FDB65D2E0A4 /* Pods */ = {
			isa = PBXGroup;
			children = (
				3D64770C28A3023F93E79CB6 /* Pods-News.debug.xcconfig */,
				CE5F6C1E885B11ED39D10D37 /* Pods-News.release.xcconfig */,
				07686B6A8FF3982EC9AE65FD /* Pods-News-NewsUITests.debug.xcconfig */,
				DF2AA628989083D3E95DCBA1 /* Pods-News-NewsUITests.release.xcconfig */,
				472738ABC4883F7C08B9702E /* Pods-NewsTests.debug.xcconfig */,
				6638D3CCE24427D6972E7881 /* Pods-NewsTests.release.xcconfig */,
			);
			path = Pods;
			sourceTree = "<group>";
		};
/* End PBXGroup section */

/* Begin PBXNativeTarget section */
		2D7D2AB227205A6F00A9AE24 /* News */ = {
			isa = PBXNativeTarget;
			buildConfigurationList = 2D7D2ADD27205A7100A9AE24 /* Build configuration list for PBXNativeTarget "News" */;
			buildPhases = (
				F982A70354BCA0CC93309983 /* [CP] Check Pods Manifest.lock */,
				2D7D2AAF27205A6F00A9AE24 /* Sources */,
				2D7D2AB027205A6F00A9AE24 /* Frameworks */,
				2D7D2AB127205A6F00A9AE24 /* Resources */,
				8096DC91F8B1701A35EFF4C3 /* [CP] Embed Pods Frameworks */,
			);
			buildRules = (
			);
			dependencies = (
			);
			name = News;
			productName = News;
			productReference = 2D7D2AB327205A6F00A9AE24 /* News.app */;
			productType = "com.apple.product-type.application";
		};
		2D7D2AC827205A7100A9AE24 /* NewsTests */ = {
			isa = PBXNativeTarget;
			buildConfigurationList = 2D7D2AE027205A7100A9AE24 /* Build configuration list for PBXNativeTarget "NewsTests" */;
			buildPhases = (
				F69D3256B1C30DC186EA43A1 /* [CP] Check Pods Manifest.lock */,
				2D7D2AC527205A7100A9AE24 /* Sources */,
				2D7D2AC627205A7100A9AE24 /* Frameworks */,
				2D7D2AC727205A7100A9AE24 /* Resources */,
			);
			buildRules = (
			);
			dependencies = (
				2D7D2ACB27205A7100A9AE24 /* PBXTargetDependency */,
			);
			name = NewsTests;
			productName = NewsTests;
			productReference = 2D7D2AC927205A7100A9AE24 /* NewsTests.xctest */;
			productType = "com.apple.product-type.bundle.unit-test";
		};
		2D7D2AD327205A7100A9AE24 /* NewsUITests */ = {
			isa = PBXNativeTarget;
			buildConfigurationList = 2D7D2AE327205A7100A9AE24 /* Build configuration list for PBXNativeTarget "NewsUITests" */;
			buildPhases = (
				6CACE469012621C6E004529E /* [CP] Check Pods Manifest.lock */,
				2D7D2AD027205A7100A9AE24 /* Sources */,
				2D7D2AD127205A7100A9AE24 /* Frameworks */,
				2D7D2AD227205A7100A9AE24 /* Resources */,
				0F3E5E6AF1DAA286BDF616D1 /* [CP] Embed Pods Frameworks */,
			);
			buildRules = (
			);
			dependencies = (
				2D7D2AD627205A7100A9AE24 /* PBXTargetDependency */,
			);
			name = NewsUITests;
			productName = NewsUITests;
			productReference = 2D7D2AD427205A7100A9AE24 /* NewsUITests.xctest */;
			productType = "com.apple.product-type.bundle.ui-testing";
		};
/* End PBXNativeTarget section */

/* Begin PBXProject section */
		2D7D2AAB27205A6F00A9AE24 /* Project object */ = {
			isa = PBXProject;
			attributes = {
				LastSwiftUpdateCheck = 1250;
				LastUpgradeCheck = 1250;
				TargetAttributes = {
					2D7D2AB227205A6F00A9AE24 = {
						CreatedOnToolsVersion = 12.5.1;
					};
					2D7D2AC827205A7100A9AE24 = {
						CreatedOnToolsVersion = 12.5.1;
						TestTargetID = 2D7D2AB227205A6F00A9AE24;
					};
					2D7D2AD327205A7100A9AE24 = {
						CreatedOnToolsVersion = 12.5.1;
						TestTargetID = 2D7D2AB227205A6F00A9AE24;
					};
				};
			};
			buildConfigurationList = 2D7D2AAE27205A6F00A9AE24 /* Build configuration list for PBXProject "News" */;
			compatibilityVersion = "Xcode 9.3";
			developmentRegion = en;
			hasScannedForEncodings = 0;
			knownRegions = (
				en,
				Base,
			);
			mainGroup = 2D7D2AAA27205A6F00A9AE24;
			productRefGroup = 2D7D2AB427205A6F00A9AE24 /* Products */;
			projectDirPath = "";
			projectRoot = "";
			targets = (
				2D7D2AB227205A6F00A9AE24 /* News */,
				2D7D2AC827205A7100A9AE24 /* NewsTests */,
				2D7D2AD327205A7100A9AE24 /* NewsUITests */,
			);
		};
/* End PBXProject section */

/* Begin PBXResourcesBuildPhase section */
		2D7D2AB127205A6F00A9AE24 /* Resources */ = {
			isa = PBXResourcesBuildPhase;
			buildActionMask = 2147483647;
			files = (
				2D7D2B112720951100A9AE24 /* FullNewsViewController.xib in Resources */,
				2D59664A27235CE600BEF1C2 /* HomeViewControllerTableSectionHeaderView.xib in Resources */,
				2D7D2AC327205A7100A9AE24 /* LaunchScreen.storyboard in Resources */,
				2D59664E272362D600BEF1C2 /* AnimationViewController.xib in Resources */,
				2D7D2AEF27205BEE00A9AE24 /* News.storyboard in Resources */,
				2D7D2B042720789900A9AE24 /* HomeViewControllerTableViewCell.xib in Resources */,
				2D7D2AC027205A7100A9AE24 /* Assets.xcassets in Resources */,
				2D7D2AF627205D9900A9AE24 /* HomeViewController.xib in Resources */,
			);
			runOnlyForDeploymentPostprocessing = 0;
		};
		2D7D2AC727205A7100A9AE24 /* Resources */ = {
			isa = PBXResourcesBuildPhase;
			buildActionMask = 2147483647;
			files = (
			);
			runOnlyForDeploymentPostprocessing = 0;
		};
		2D7D2AD227205A7100A9AE24 /* Resources */ = {
			isa = PBXResourcesBuildPhase;
			buildActionMask = 2147483647;
			files = (
			);
			runOnlyForDeploymentPostprocessing = 0;
		};
/* End PBXResourcesBuildPhase section */

/* Begin PBXShellScriptBuildPhase section */
		0F3E5E6AF1DAA286BDF616D1 /* [CP] Embed Pods Frameworks */ = {
			isa = PBXShellScriptBuildPhase;
			buildActionMask = 2147483647;
			files = (
			);
			inputFileListPaths = (
				"${PODS_ROOT}/Target Support Files/Pods-News-NewsUITests/Pods-News-NewsUITests-frameworks-${CONFIGURATION}-input-files.xcfilelist",
			);
			name = "[CP] Embed Pods Frameworks";
			outputFileListPaths = (
				"${PODS_ROOT}/Target Support Files/Pods-News-NewsUITests/Pods-News-NewsUITests-frameworks-${CONFIGURATION}-output-files.xcfilelist",
			);
			runOnlyForDeploymentPostprocessing = 0;
			shellPath = /bin/sh;
			shellScript = "\"${PODS_ROOT}/Target Support Files/Pods-News-NewsUITests/Pods-News-NewsUITests-frameworks.sh\"\n";
			showEnvVarsInLog = 0;
		};
		6CACE469012621C6E004529E /* [CP] Check Pods Manifest.lock */ = {
			isa = PBXShellScriptBuildPhase;
			buildActionMask = 2147483647;
			files = (
			);
			inputFileListPaths = (
			);
			inputPaths = (
				"${PODS_PODFILE_DIR_PATH}/Podfile.lock",
				"${PODS_ROOT}/Manifest.lock",
			);
			name = "[CP] Check Pods Manifest.lock";
			outputFileListPaths = (
			);
			outputPaths = (
				"$(DERIVED_FILE_DIR)/Pods-News-NewsUITests-checkManifestLockResult.txt",
			);
			runOnlyForDeploymentPostprocessing = 0;
			shellPath = /bin/sh;
			shellScript = "diff \"${PODS_PODFILE_DIR_PATH}/Podfile.lock\" \"${PODS_ROOT}/Manifest.lock\" > /dev/null\nif [ $? != 0 ] ; then\n    # print error to STDERR\n    echo \"error: The sandbox is not in sync with the Podfile.lock. Run 'pod install' or update your CocoaPods installation.\" >&2\n    exit 1\nfi\n# This output is used by Xcode 'outputs' to avoid re-running this script phase.\necho \"SUCCESS\" > \"${SCRIPT_OUTPUT_FILE_0}\"\n";
			showEnvVarsInLog = 0;
		};
		8096DC91F8B1701A35EFF4C3 /* [CP] Embed Pods Frameworks */ = {
			isa = PBXShellScriptBuildPhase;
			buildActionMask = 2147483647;
			files = (
			);
			inputFileListPaths = (
				"${PODS_ROOT}/Target Support Files/Pods-News/Pods-News-frameworks-${CONFIGURATION}-input-files.xcfilelist",
			);
			name = "[CP] Embed Pods Frameworks";
			outputFileListPaths = (
				"${PODS_ROOT}/Target Support Files/Pods-News/Pods-News-frameworks-${CONFIGURATION}-output-files.xcfilelist",
			);
			runOnlyForDeploymentPostprocessing = 0;
			shellPath = /bin/sh;
			shellScript = "\"${PODS_ROOT}/Target Support Files/Pods-News/Pods-News-frameworks.sh\"\n";
			showEnvVarsInLog = 0;
		};
		F69D3256B1C30DC186EA43A1 /* [CP] Check Pods Manifest.lock */ = {
			isa = PBXShellScriptBuildPhase;
			buildActionMask = 2147483647;
			files = (
			);
			inputFileListPaths = (
			);
			inputPaths = (
				"${PODS_PODFILE_DIR_PATH}/Podfile.lock",
				"${PODS_ROOT}/Manifest.lock",
			);
			name = "[CP] Check Pods Manifest.lock";
			outputFileListPaths = (
			);
			outputPaths = (
				"$(DERIVED_FILE_DIR)/Pods-NewsTests-checkManifestLockResult.txt",
			);
			runOnlyForDeploymentPostprocessing = 0;
			shellPath = /bin/sh;
			shellScript = "diff \"${PODS_PODFILE_DIR_PATH}/Podfile.lock\" \"${PODS_ROOT}/Manifest.lock\" > /dev/null\nif [ $? != 0 ] ; then\n    # print error to STDERR\n    echo \"error: The sandbox is not in sync with the Podfile.lock. Run 'pod install' or update your CocoaPods installation.\" >&2\n    exit 1\nfi\n# This output is used by Xcode 'outputs' to avoid re-running this script phase.\necho \"SUCCESS\" > \"${SCRIPT_OUTPUT_FILE_0}\"\n";
			showEnvVarsInLog = 0;
		};
		F982A70354BCA0CC93309983 /* [CP] Check Pods Manifest.lock */ = {
			isa = PBXShellScriptBuildPhase;
			buildActionMask = 2147483647;
			files = (
			);
			inputFileListPaths = (
			);
			inputPaths = (
				"${PODS_PODFILE_DIR_PATH}/Podfile.lock",
				"${PODS_ROOT}/Manifest.lock",
			);
			name = "[CP] Check Pods Manifest.lock";
			outputFileListPaths = (
			);
			outputPaths = (
				"$(DERIVED_FILE_DIR)/Pods-News-checkManifestLockResult.txt",
			);
			runOnlyForDeploymentPostprocessing = 0;
			shellPath = /bin/sh;
			shellScript = "diff \"${PODS_PODFILE_DIR_PATH}/Podfile.lock\" \"${PODS_ROOT}/Manifest.lock\" > /dev/null\nif [ $? != 0 ] ; then\n    # print error to STDERR\n    echo \"error: The sandbox is not in sync with the Podfile.lock. Run 'pod install' or update your CocoaPods installation.\" >&2\n    exit 1\nfi\n# This output is used by Xcode 'outputs' to avoid re-running this script phase.\necho \"SUCCESS\" > \"${SCRIPT_OUTPUT_FILE_0}\"\n";
			showEnvVarsInLog = 0;
		};
/* End PBXShellScriptBuildPhase section */

/* Begin PBXSourcesBuildPhase section */
		2D7D2AAF27205A6F00A9AE24 /* Sources */ = {
			isa = PBXSourcesBuildPhase;
			buildActionMask = 2147483647;
			files = (
				2D7D2B0627207D8000A9AE24 /* StyleKit.swift in Sources */,
				2D596650272362EE00BEF1C2 /* AnimationViewModel.swift in Sources */,
				2D4E0B2327214392000E4163 /* RealmService.swift in Sources */,
				2D59664827235CDB00BEF1C2 /* HomeViewControllerTableSectionHeaderView.swift in Sources */,
				2D7D2B0A27207DF100A9AE24 /* UIColor+App.swift in Sources */,
				2D7D2AFB27205EB800A9AE24 /* Constants.swift in Sources */,
				2D7D2AF127205C3D00A9AE24 /* AppCoordinator.swift in Sources */,
				2D89492B2723FE44001D73CD /* String+App.swift in Sources */,
				2D7D2AB727205A6F00A9AE24 /* AppDelegate.swift in Sources */,
				2D7D2B102720951100A9AE24 /* FullNewsViewController.swift in Sources */,
				2D59664D272362D600BEF1C2 /* AnimationViewController.swift in Sources */,
				2D7D2B132720952100A9AE24 /* FullNewsViewModel.swift in Sources */,
				2D7D2B0C272090C000A9AE24 /* DialogUtils.swift in Sources */,
				2D7D2B032720789900A9AE24 /* HomeViewControllerTableViewCell.swift in Sources */,
				2D7D2AF527205D9900A9AE24 /* HomeViewController.swift in Sources */,
				2D7D2B0827207DB800A9AE24 /* UIFont+App.swift in Sources */,
				2D7D2AFF2720613B00A9AE24 /* News.swift in Sources */,
				2D7D2AFD27205F5B00A9AE24 /* NetworkService.swift in Sources */,
				2D7D2AF827205DA500A9AE24 /* HomeViewModel.swift in Sources */,
			);
			runOnlyForDeploymentPostprocessing = 0;
		};
		2D7D2AC527205A7100A9AE24 /* Sources */ = {
			isa = PBXSourcesBuildPhase;
			buildActionMask = 2147483647;
			files = (
				2D7D2ACE27205A7100A9AE24 /* NewsTests.swift in Sources */,
			);
			runOnlyForDeploymentPostprocessing = 0;
		};
		2D7D2AD027205A7100A9AE24 /* Sources */ = {
			isa = PBXSourcesBuildPhase;
			buildActionMask = 2147483647;
			files = (
				2D7D2AD927205A7100A9AE24 /* NewsUITests.swift in Sources */,
			);
			runOnlyForDeploymentPostprocessing = 0;
		};
/* End PBXSourcesBuildPhase section */

/* Begin PBXTargetDependency section */
		2D7D2ACB27205A7100A9AE24 /* PBXTargetDependency */ = {
			isa = PBXTargetDependency;
			target = 2D7D2AB227205A6F00A9AE24 /* News */;
			targetProxy = 2D7D2ACA27205A7100A9AE24 /* PBXContainerItemProxy */;
		};
		2D7D2AD627205A7100A9AE24 /* PBXTargetDependency */ = {
			isa = PBXTargetDependency;
			target = 2D7D2AB227205A6F00A9AE24 /* News */;
			targetProxy = 2D7D2AD527205A7100A9AE24 /* PBXContainerItemProxy */;
		};
/* End PBXTargetDependency section */

/* Begin PBXVariantGroup section */
		2D7D2AC127205A7100A9AE24 /* LaunchScreen.storyboard */ = {
			isa = PBXVariantGroup;
			children = (
				2D7D2AC227205A7100A9AE24 /* Base */,
			);
			name = LaunchScreen.storyboard;
			sourceTree = "<group>";
		};
/* End PBXVariantGroup section */

/* Begin XCBuildConfiguration section */
		2D7D2ADB27205A7100A9AE24 /* Debug */ = {
			isa = XCBuildConfiguration;
			buildSettings = {
				ALWAYS_SEARCH_USER_PATHS = NO;
				CLANG_ANALYZER_NONNULL = YES;
				CLANG_ANALYZER_NUMBER_OBJECT_CONVERSION = YES_AGGRESSIVE;
				CLANG_CXX_LANGUAGE_STANDARD = "gnu++14";
				CLANG_CXX_LIBRARY = "libc++";
				CLANG_ENABLE_MODULES = YES;
				CLANG_ENABLE_OBJC_ARC = YES;
				CLANG_ENABLE_OBJC_WEAK = YES;
				CLANG_WARN_BLOCK_CAPTURE_AUTORELEASING = YES;
				CLANG_WARN_BOOL_CONVERSION = YES;
				CLANG_WARN_COMMA = YES;
				CLANG_WARN_CONSTANT_CONVERSION = YES;
				CLANG_WARN_DEPRECATED_OBJC_IMPLEMENTATIONS = YES;
				CLANG_WARN_DIRECT_OBJC_ISA_USAGE = YES_ERROR;
				CLANG_WARN_DOCUMENTATION_COMMENTS = YES;
				CLANG_WARN_EMPTY_BODY = YES;
				CLANG_WARN_ENUM_CONVERSION = YES;
				CLANG_WARN_INFINITE_RECURSION = YES;
				CLANG_WARN_INT_CONVERSION = YES;
				CLANG_WARN_NON_LITERAL_NULL_CONVERSION = YES;
				CLANG_WARN_OBJC_IMPLICIT_RETAIN_SELF = YES;
				CLANG_WARN_OBJC_LITERAL_CONVERSION = YES;
				CLANG_WARN_OBJC_ROOT_CLASS = YES_ERROR;
				CLANG_WARN_QUOTED_INCLUDE_IN_FRAMEWORK_HEADER = YES;
				CLANG_WARN_RANGE_LOOP_ANALYSIS = YES;
				CLANG_WARN_STRICT_PROTOTYPES = YES;
				CLANG_WARN_SUSPICIOUS_MOVE = YES;
				CLANG_WARN_UNGUARDED_AVAILABILITY = YES_AGGRESSIVE;
				CLANG_WARN_UNREACHABLE_CODE = YES;
				CLANG_WARN__DUPLICATE_METHOD_MATCH = YES;
				COPY_PHASE_STRIP = NO;
				DEBUG_INFORMATION_FORMAT = dwarf;
				ENABLE_STRICT_OBJC_MSGSEND = YES;
				ENABLE_TESTABILITY = YES;
				GCC_C_LANGUAGE_STANDARD = gnu11;
				GCC_DYNAMIC_NO_PIC = NO;
				GCC_NO_COMMON_BLOCKS = YES;
				GCC_OPTIMIZATION_LEVEL = 0;
				GCC_PREPROCESSOR_DEFINITIONS = (
					"DEBUG=1",
					"$(inherited)",
				);
				GCC_WARN_64_TO_32_BIT_CONVERSION = YES;
				GCC_WARN_ABOUT_RETURN_TYPE = YES_ERROR;
				GCC_WARN_UNDECLARED_SELECTOR = YES;
				GCC_WARN_UNINITIALIZED_AUTOS = YES_AGGRESSIVE;
				GCC_WARN_UNUSED_FUNCTION = YES;
				GCC_WARN_UNUSED_VARIABLE = YES;
				IPHONEOS_DEPLOYMENT_TARGET = 13.0;
				MTL_ENABLE_DEBUG_INFO = INCLUDE_SOURCE;
				MTL_FAST_MATH = YES;
				ONLY_ACTIVE_ARCH = YES;
				SDKROOT = iphoneos;
				SWIFT_ACTIVE_COMPILATION_CONDITIONS = DEBUG;
				SWIFT_OPTIMIZATION_LEVEL = "-Onone";
			};
			name = Debug;
		};
		2D7D2ADC27205A7100A9AE24 /* Release */ = {
			isa = XCBuildConfiguration;
			buildSettings = {
				ALWAYS_SEARCH_USER_PATHS = NO;
				CLANG_ANALYZER_NONNULL = YES;
				CLANG_ANALYZER_NUMBER_OBJECT_CONVERSION = YES_AGGRESSIVE;
				CLANG_CXX_LANGUAGE_STANDARD = "gnu++14";
				CLANG_CXX_LIBRARY = "libc++";
				CLANG_ENABLE_MODULES = YES;
				CLANG_ENABLE_OBJC_ARC = YES;
				CLANG_ENABLE_OBJC_WEAK = YES;
				CLANG_WARN_BLOCK_CAPTURE_AUTORELEASING = YES;
				CLANG_WARN_BOOL_CONVERSION = YES;
				CLANG_WARN_COMMA = YES;
				CLANG_WARN_CONSTANT_CONVERSION = YES;
				CLANG_WARN_DEPRECATED_OBJC_IMPLEMENTATIONS = YES;
				CLANG_WARN_DIRECT_OBJC_ISA_USAGE = YES_ERROR;
				CLANG_WARN_DOCUMENTATION_COMMENTS = YES;
				CLANG_WARN_EMPTY_BODY = YES;
				CLANG_WARN_ENUM_CONVERSION = YES;
				CLANG_WARN_INFINITE_RECURSION = YES;
				CLANG_WARN_INT_CONVERSION = YES;
				CLANG_WARN_NON_LITERAL_NULL_CONVERSION = YES;
				CLANG_WARN_OBJC_IMPLICIT_RETAIN_SELF = YES;
				CLANG_WARN_OBJC_LITERAL_CONVERSION = YES;
				CLANG_WARN_OBJC_ROOT_CLASS = YES_ERROR;
				CLANG_WARN_QUOTED_INCLUDE_IN_FRAMEWORK_HEADER = YES;
				CLANG_WARN_RANGE_LOOP_ANALYSIS = YES;
				CLANG_WARN_STRICT_PROTOTYPES = YES;
				CLANG_WARN_SUSPICIOUS_MOVE = YES;
				CLANG_WARN_UNGUARDED_AVAILABILITY = YES_AGGRESSIVE;
				CLANG_WARN_UNREACHABLE_CODE = YES;
				CLANG_WARN__DUPLICATE_METHOD_MATCH = YES;
				COPY_PHASE_STRIP = NO;
				DEBUG_INFORMATION_FORMAT = "dwarf-with-dsym";
				ENABLE_NS_ASSERTIONS = NO;
				ENABLE_STRICT_OBJC_MSGSEND = YES;
				GCC_C_LANGUAGE_STANDARD = gnu11;
				GCC_NO_COMMON_BLOCKS = YES;
				GCC_WARN_64_TO_32_BIT_CONVERSION = YES;
				GCC_WARN_ABOUT_RETURN_TYPE = YES_ERROR;
				GCC_WARN_UNDECLARED_SELECTOR = YES;
				GCC_WARN_UNINITIALIZED_AUTOS = YES_AGGRESSIVE;
				GCC_WARN_UNUSED_FUNCTION = YES;
				GCC_WARN_UNUSED_VARIABLE = YES;
				IPHONEOS_DEPLOYMENT_TARGET = 13.0;
				MTL_ENABLE_DEBUG_INFO = NO;
				MTL_FAST_MATH = YES;
				SDKROOT = iphoneos;
				SWIFT_COMPILATION_MODE = wholemodule;
				SWIFT_OPTIMIZATION_LEVEL = "-O";
				VALIDATE_PRODUCT = YES;
			};
			name = Release;
		};
		2D7D2ADE27205A7100A9AE24 /* Debug */ = {
			isa = XCBuildConfiguration;
			baseConfigurationReference = 3D64770C28A3023F93E79CB6 /* Pods-News.debug.xcconfig */;
			buildSettings = {
				ASSETCATALOG_COMPILER_APPICON_NAME = AppIcon;
				ASSETCATALOG_COMPILER_GLOBAL_ACCENT_COLOR_NAME = AccentColor;
				CODE_SIGN_STYLE = Automatic;
				INFOPLIST_FILE = News/Info.plist;
				LD_RUNPATH_SEARCH_PATHS = (
					"$(inherited)",
					"@executable_path/Frameworks",
				);
				PRODUCT_BUNDLE_IDENTIFIER = com.sample.News;
				PRODUCT_NAME = "$(TARGET_NAME)";
				SWIFT_VERSION = 5.0;
				TARGETED_DEVICE_FAMILY = "1,2";
			};
			name = Debug;
		};
		2D7D2ADF27205A7100A9AE24 /* Release */ = {
			isa = XCBuildConfiguration;
			baseConfigurationReference = CE5F6C1E885B11ED39D10D37 /* Pods-News.release.xcconfig */;
			buildSettings = {
				ASSETCATALOG_COMPILER_APPICON_NAME = AppIcon;
				ASSETCATALOG_COMPILER_GLOBAL_ACCENT_COLOR_NAME = AccentColor;
				CODE_SIGN_STYLE = Automatic;
				INFOPLIST_FILE = News/Info.plist;
				LD_RUNPATH_SEARCH_PATHS = (
					"$(inherited)",
					"@executable_path/Frameworks",
				);
				PRODUCT_BUNDLE_IDENTIFIER = com.sample.News;
				PRODUCT_NAME = "$(TARGET_NAME)";
				SWIFT_VERSION = 5.0;
				TARGETED_DEVICE_FAMILY = "1,2";
			};
			name = Release;
		};
		2D7D2AE127205A7100A9AE24 /* Debug */ = {
			isa = XCBuildConfiguration;
			baseConfigurationReference = 472738ABC4883F7C08B9702E /* Pods-NewsTests.debug.xcconfig */;
			buildSettings = {
				ALWAYS_EMBED_SWIFT_STANDARD_LIBRARIES = YES;
				BUNDLE_LOADER = "$(TEST_HOST)";
				CODE_SIGN_STYLE = Automatic;
				INFOPLIST_FILE = NewsTests/Info.plist;
				IPHONEOS_DEPLOYMENT_TARGET = 14.5;
				LD_RUNPATH_SEARCH_PATHS = (
					"$(inherited)",
					"@executable_path/Frameworks",
					"@loader_path/Frameworks",
				);
				PRODUCT_BUNDLE_IDENTIFIER = com.sample.NewsTests;
				PRODUCT_NAME = "$(TARGET_NAME)";
				SWIFT_VERSION = 5.0;
				TARGETED_DEVICE_FAMILY = "1,2";
				TEST_HOST = "$(BUILT_PRODUCTS_DIR)/News.app/News";
			};
			name = Debug;
		};
		2D7D2AE227205A7100A9AE24 /* Release */ = {
			isa = XCBuildConfiguration;
			baseConfigurationReference = 6638D3CCE24427D6972E7881 /* Pods-NewsTests.release.xcconfig */;
			buildSettings = {
				ALWAYS_EMBED_SWIFT_STANDARD_LIBRARIES = YES;
				BUNDLE_LOADER = "$(TEST_HOST)";
				CODE_SIGN_STYLE = Automatic;
				INFOPLIST_FILE = NewsTests/Info.plist;
				IPHONEOS_DEPLOYMENT_TARGET = 14.5;
				LD_RUNPATH_SEARCH_PATHS = (
					"$(inherited)",
					"@executable_path/Frameworks",
					"@loader_path/Frameworks",
				);
				PRODUCT_BUNDLE_IDENTIFIER = com.sample.NewsTests;
				PRODUCT_NAME = "$(TARGET_NAME)";
				SWIFT_VERSION = 5.0;
				TARGETED_DEVICE_FAMILY = "1,2";
				TEST_HOST = "$(BUILT_PRODUCTS_DIR)/News.app/News";
			};
			name = Release;
		};
		2D7D2AE427205A7100A9AE24 /* Debug */ = {
			isa = XCBuildConfiguration;
			baseConfigurationReference = 07686B6A8FF3982EC9AE65FD /* Pods-News-NewsUITests.debug.xcconfig */;
			buildSettings = {
				ALWAYS_EMBED_SWIFT_STANDARD_LIBRARIES = YES;
				CODE_SIGN_STYLE = Automatic;
				INFOPLIST_FILE = NewsUITests/Info.plist;
				LD_RUNPATH_SEARCH_PATHS = (
					"$(inherited)",
					"@executable_path/Frameworks",
					"@loader_path/Frameworks",
				);
				PRODUCT_BUNDLE_IDENTIFIER = com.sample.NewsUITests;
				PRODUCT_NAME = "$(TARGET_NAME)";
				SWIFT_VERSION = 5.0;
				TARGETED_DEVICE_FAMILY = "1,2";
				TEST_TARGET_NAME = News;
			};
			name = Debug;
		};
		2D7D2AE527205A7100A9AE24 /* Release */ = {
			isa = XCBuildConfiguration;
			baseConfigurationReference = DF2AA628989083D3E95DCBA1 /* Pods-News-NewsUITests.release.xcconfig */;
			buildSettings = {
				ALWAYS_EMBED_SWIFT_STANDARD_LIBRARIES = YES;
				CODE_SIGN_STYLE = Automatic;
				INFOPLIST_FILE = NewsUITests/Info.plist;
				LD_RUNPATH_SEARCH_PATHS = (
					"$(inherited)",
					"@executable_path/Frameworks",
					"@loader_path/Frameworks",
				);
				PRODUCT_BUNDLE_IDENTIFIER = com.sample.NewsUITests;
				PRODUCT_NAME = "$(TARGET_NAME)";
				SWIFT_VERSION = 5.0;
				TARGETED_DEVICE_FAMILY = "1,2";
				TEST_TARGET_NAME = News;
			};
			name = Release;
		};
/* End XCBuildConfiguration section */

/* Begin XCConfigurationList section */
		2D7D2AAE27205A6F00A9AE24 /* Build configuration list for PBXProject "News" */ = {
			isa = XCConfigurationList;
			buildConfigurations = (
				2D7D2ADB27205A7100A9AE24 /* Debug */,
				2D7D2ADC27205A7100A9AE24 /* Release */,
			);
			defaultConfigurationIsVisible = 0;
			defaultConfigurationName = Release;
		};
		2D7D2ADD27205A7100A9AE24 /* Build configuration list for PBXNativeTarget "News" */ = {
			isa = XCConfigurationList;
			buildConfigurations = (
				2D7D2ADE27205A7100A9AE24 /* Debug */,
				2D7D2ADF27205A7100A9AE24 /* Release */,
			);
			defaultConfigurationIsVisible = 0;
			defaultConfigurationName = Release;
		};
		2D7D2AE027205A7100A9AE24 /* Build configuration list for PBXNativeTarget "NewsTests" */ = {
			isa = XCConfigurationList;
			buildConfigurations = (
				2D7D2AE127205A7100A9AE24 /* Debug */,
				2D7D2AE227205A7100A9AE24 /* Release */,
			);
			defaultConfigurationIsVisible = 0;
			defaultConfigurationName = Release;
		};
		2D7D2AE327205A7100A9AE24 /* Build configuration list for PBXNativeTarget "NewsUITests" */ = {
			isa = XCConfigurationList;
			buildConfigurations = (
				2D7D2AE427205A7100A9AE24 /* Debug */,
				2D7D2AE527205A7100A9AE24 /* Release */,
			);
			defaultConfigurationIsVisible = 0;
			defaultConfigurationName = Release;
		};
/* End XCConfigurationList section */
	};
	rootObject = 2D7D2AAB27205A6F00A9AE24 /* Project object */;
}
