// !$*UTF8*$!
{
	archiveVersion = 1;
	classes = {
	};
	objectVersion = 50;
	objects = {

/* Begin PBXBuildFile section */
		2D7D2AB727205A6F00A9AE24 /* AppDelegate.swift in Sources */ = {isa = PBXBuildFile; fileRef = 2D7D2AB627205A6F00A9AE24 /* AppDelegate.swift */; };
		2D7D2AB927205A6F00A9AE24 /* SceneDelegate.swift in Sources */ = {isa = PBXBuildFile; fileRef = 2D7D2AB827205A6F00A9AE24 /* SceneDelegate.swift */; };
		2D7D2ABB27205A6F00A9AE24 /* ViewController.swift in Sources */ = {isa = PBXBuildFile; fileRef = 2D7D2ABA27205A6F00A9AE24 /* ViewController.swift */; };
		2D7D2ABE27205A6F00A9AE24 /* Main.storyboard in Resources */ = {isa = PBXBuildFile; fileRef = 2D7D2ABC27205A6F00A9AE24 /* Main.storyboard */; };
		2D7D2AC027205A7100A9AE24 /* Assets.xcassets in Resources */ = {isa = PBXBuildFile; fileRef = 2D7D2ABF27205A7100A9AE24 /* Assets.xcassets */; };
		2D7D2AC327205A7100A9AE24 /* LaunchScreen.storyboard in Resources */ = {isa = PBXBuildFile; fileRef = 2D7D2AC127205A7100A9AE24 /* LaunchScreen.storyboard */; };
		2D7D2ACE27205A7100A9AE24 /* NewsTests.swift in Sources */ = {isa = PBXBuildFile; fileRef = 2D7D2ACD27205A7100A9AE24 /* NewsTests.swift */; };
		2D7D2AD927205A7100A9AE24 /* NewsUITests.swift in Sources */ = {isa = PBXBuildFile; fileRef = 2D7D2AD827205A7100A9AE24 /* NewsUITests.swift */; };
/* End PBXBuildFile section */

/* Begin PBXContainerItemProxy section */
		2D7D2ACA27205A7100A9AE24 /* PBXContainerItemProxy */ = {
			isa = PBXContainerItemProxy;
			containerPortal = 2D7D2AAB27205A6F00A9AE24 /* Project object */;
			proxyType = 1;
			remoteGlobalIDString = 2D7D2AB227205A6F00A9AE24;
			remoteInfo = News;
		};
		2D7D2AD527205A7100A9AE24 /* PBXContainerItemProxy */ = {
			isa = PBXContainerItemProxy;
			containerPortal = 2D7D2AAB27205A6F00A9AE24 /* Project object */;
			proxyType = 1;
			remoteGlobalIDString = 2D7D2AB227205A6F00A9AE24;
			remoteInfo = News;
		};
/* End PBXContainerItemProxy section */

/* Begin PBXFileReference section */
		2D7D2AB327205A6F00A9AE24 /* News.app */ = {isa = PBXFileReference; explicitFileType = wrapper.application; includeInIndex = 0; path = News.app; sourceTree = BUILT_PRODUCTS_DIR; };
		2D7D2AB627205A6F00A9AE24 /* AppDelegate.swift */ = {isa = PBXFileReference; lastKnownFileType = sourcecode.swift; path = AppDelegate.swift; sourceTree = "<group>"; };
		2D7D2AB827205A6F00A9AE24 /* SceneDelegate.swift */ = {isa = PBXFileReference; lastKnownFileType = sourcecode.swift; path = SceneDelegate.swift; sourceTree = "<group>"; };
		2D7D2ABA27205A6F00A9AE24 /* ViewController.swift */ = {isa = PBXFileReference; lastKnownFileType = sourcecode.swift; path = ViewController.swift; sourceTree = "<group>"; };
		2D7D2ABD27205A6F00A9AE24 /* Base */ = {isa = PBXFileReference; lastKnownFileType = file.storyboard; name = Base; path = Base.lproj/Main.storyboard; sourceTree = "<group>"; };
		2D7D2ABF27205A7100A9AE24 /* Assets.xcassets */ = {isa = PBXFileReference; lastKnownFileType = folder.assetcatalog; path = Assets.xcassets; sourceTree = "<group>"; };
		2D7D2AC227205A7100A9AE24 /* Base */ = {isa = PBXFileReference; lastKnownFileType = file.storyboard; name = Base; path = Base.lproj/LaunchScreen.storyboard; sourceTree = "<group>"; };
		2D7D2AC427205A7100A9AE24 /* Info.plist */ = {isa = PBXFileReference; lastKnownFileType = text.plist.xml; path = Info.plist; sourceTree = "<group>"; };
		2D7D2AC927205A7100A9AE24 /* NewsTests.xctest */ = {isa = PBXFileReference; explicitFileType = wrapper.cfbundle; includeInIndex = 0; path = NewsTests.xctest; sourceTree = BUILT_PRODUCTS_DIR; };
		2D7D2ACD27205A7100A9AE24 /* NewsTests.swift */ = {isa = PBXFileReference; lastKnownFileType = sourcecode.swift; path = NewsTests.swift; sourceTree = "<group>"; };
		2D7D2ACF27205A7100A9AE24 /* Info.plist */ = {isa = PBXFileReference; lastKnownFileType = text.plist.xml; path = Info.plist; sourceTree = "<group>"; };
		2D7D2AD427205A7100A9AE24 /* NewsUITests.xctest */ = {isa = PBXFileReference; explicitFileType = wrapper.cfbundle; includeInIndex = 0; path = NewsUITests.xctest; sourceTree = BUILT_PRODUCTS_DIR; };
		2D7D2AD827205A7100A9AE24 /* NewsUITests.swift */ = {isa = PBXFileReference; lastKnownFileType = sourcecode.swift; path = NewsUITests.swift; sourceTree = "<group>"; };
		2D7D2ADA27205A7100A9AE24 /* Info.plist */ = {isa = PBXFileReference; lastKnownFileType = text.plist.xml; path = Info.plist; sourceTree = "<group>"; };
/* End PBXFileReference section */

/* Begin PBXFrameworksBuildPhase section */
		2D7D2AB027205A6F00A9AE24 /* Frameworks */ = {
			isa = PBXFrameworksBuildPhase;
			buildActionMask = 2147483647;
			files = (
			);
			runOnlyForDeploymentPostprocessing = 0;
		};
		2D7D2AC627205A7100A9AE24 /* Frameworks */ = {
			isa = PBXFrameworksBuildPhase;
			buildActionMask = 2147483647;
			files = (
			);
			runOnlyForDeploymentPostprocessing = 0;
		};
		2D7D2AD127205A7100A9AE24 /* Frameworks */ = {
			isa = PBXFrameworksBuildPhase;
			buildActionMask = 2147483647;
			files = (
			);
			runOnlyForDeploymentPostprocessing = 0;
		};
/* End PBXFrameworksBuildPhase section */

/* Begin PBXGroup section */
		2D7D2AAA27205A6F00A9AE24 = {
			isa = PBXGroup;
			children = (
				2D7D2AB527205A6F00A9AE24 /* News */,
				2D7D2ACC27205A7100A9AE24 /* NewsTests */,
				2D7D2AD727205A7100A9AE24 /* NewsUITests */,
				2D7D2AB427205A6F00A9AE24 /* Products */,
			);
			sourceTree = "<group>";
		};
		2D7D2AB427205A6F00A9AE24 /* Products */ = {
			isa = PBXGroup;
			children = (
				2D7D2AB327205A6F00A9AE24 /* News.app */,
				2D7D2AC927205A7100A9AE24 /* NewsTests.xctest */,
				2D7D2AD427205A7100A9AE24 /* NewsUITests.xctest */,
			);
			name = Products;
			sourceTree = "<group>";
		};
		2D7D2AB527205A6F00A9AE24 /* News */ = {
			isa = PBXGroup;
			children = (
				2D7D2AB627205A6F00A9AE24 /* AppDelegate.swift */,
				2D7D2AB827205A6F00A9AE24 /* SceneDelegate.swift */,
				2D7D2ABA27205A6F00A9AE24 /* ViewController.swift */,
				2D7D2ABC27205A6F00A9AE24 /* Main.storyboard */,
				2D7D2ABF27205A7100A9AE24 /* Assets.xcassets */,
				2D7D2AC127205A7100A9AE24 /* LaunchScreen.storyboard */,
				2D7D2AC427205A7100A9AE24 /* Info.plist */,
			);
			path = News;
			sourceTree = "<group>";
		};
		2D7D2ACC27205A7100A9AE24 /* NewsTests */ = {
			isa = PBXGroup;
			children = (
				2D7D2ACD27205A7100A9AE24 /* NewsTests.swift */,
				2D7D2ACF27205A7100A9AE24 /* Info.plist */,
			);
			path = NewsTests;
			sourceTree = "<group>";
		};
		2D7D2AD727205A7100A9AE24 /* NewsUITests */ = {
			isa = PBXGroup;
			children = (
				2D7D2AD827205A7100A9AE24 /* NewsUITests.swift */,
				2D7D2ADA27205A7100A9AE24 /* Info.plist */,
			);
			path = NewsUITests;
			sourceTree = "<group>";
		};
/* End PBXGroup section */

/* Begin PBXNativeTarget section */
		2D7D2AB227205A6F00A9AE24 /* News */ = {
			isa = PBXNativeTarget;
			buildConfigurationList = 2D7D2ADD27205A7100A9AE24 /* Build configuration list for PBXNativeTarget "News" */;
			buildPhases = (
				2D7D2AAF27205A6F00A9AE24 /* Sources */,
				2D7D2AB027205A6F00A9AE24 /* Frameworks */,
				2D7D2AB127205A6F00A9AE24 /* Resources */,
			);
			buildRules = (
			);
			dependencies = (
			);
			name = News;
			productName = News;
			productReference = 2D7D2AB327205A6F00A9AE24 /* News.app */;
			productType = "com.apple.product-type.application";
		};
		2D7D2AC827205A7100A9AE24 /* NewsTests */ = {
			isa = PBXNativeTarget;
			buildConfigurationList = 2D7D2AE027205A7100A9AE24 /* Build configuration list for PBXNativeTarget "NewsTests" */;
			buildPhases = (
				2D7D2AC527205A7100A9AE24 /* Sources */,
				2D7D2AC627205A7100A9AE24 /* Frameworks */,
				2D7D2AC727205A7100A9AE24 /* Resources */,
			);
			buildRules = (
			);
			dependencies = (
				2D7D2ACB27205A7100A9AE24 /* PBXTargetDependency */,
			);
			name = NewsTests;
			productName = NewsTests;
			productReference = 2D7D2AC927205A7100A9AE24 /* NewsTests.xctest */;
			productType = "com.apple.product-type.bundle.unit-test";
		};
		2D7D2AD327205A7100A9AE24 /* NewsUITests */ = {
			isa = PBXNativeTarget;
			buildConfigurationList = 2D7D2AE327205A7100A9AE24 /* Build configuration list for PBXNativeTarget "NewsUITests" */;
			buildPhases = (
				2D7D2AD027205A7100A9AE24 /* Sources */,
				2D7D2AD127205A7100A9AE24 /* Frameworks */,
				2D7D2AD227205A7100A9AE24 /* Resources */,
			);
			buildRules = (
			);
			dependencies = (
				2D7D2AD627205A7100A9AE24 /* PBXTargetDependency */,
			);
			name = NewsUITests;
			productName = NewsUITests;
			productReference = 2D7D2AD427205A7100A9AE24 /* NewsUITests.xctest */;
			productType = "com.apple.product-type.bundle.ui-testing";
		};
/* End PBXNativeTarget section */

/* Begin PBXProject section */
		2D7D2AAB27205A6F00A9AE24 /* Project object */ = {
			isa = PBXProject;
			attributes = {
				LastSwiftUpdateCheck = 1250;
				LastUpgradeCheck = 1250;
				TargetAttributes = {
					2D7D2AB227205A6F00A9AE24 = {
						CreatedOnToolsVersion = 12.5.1;
					};
					2D7D2AC827205A7100A9AE24 = {
						CreatedOnToolsVersion = 12.5.1;
						TestTargetID = 2D7D2AB227205A6F00A9AE24;
					};
					2D7D2AD327205A7100A9AE24 = {
						CreatedOnToolsVersion = 12.5.1;
						TestTargetID = 2D7D2AB227205A6F00A9AE24;
					};
				};
			};
			buildConfigurationList = 2D7D2AAE27205A6F00A9AE24 /* Build configuration list for PBXProject "News" */;
			compatibilityVersion = "Xcode 9.3";
			developmentRegion = en;
			hasScannedForEncodings = 0;
			knownRegions = (
				en,
				Base,
			);
			mainGroup = 2D7D2AAA27205A6F00A9AE24;
			productRefGroup = 2D7D2AB427205A6F00A9AE24 /* Products */;
			projectDirPath = "";
			projectRoot = "";
			targets = (
				2D7D2AB227205A6F00A9AE24 /* News */,
				2D7D2AC827205A7100A9AE24 /* NewsTests */,
				2D7D2AD327205A7100A9AE24 /* NewsUITests */,
			);
		};
/* End PBXProject section */

/* Begin PBXResourcesBuildPhase section */
		2D7D2AB127205A6F00A9AE24 /* Resources */ = {
			isa = PBXResourcesBuildPhase;
			buildActionMask = 2147483647;
			files = (
				2D7D2AC327205A7100A9AE24 /* LaunchScreen.storyboard in Resources */,
				2D7D2AC027205A7100A9AE24 /* Assets.xcassets in Resources */,
				2D7D2ABE27205A6F00A9AE24 /* Main.storyboard in Resources */,
			);
			runOnlyForDeploymentPostprocessing = 0;
		};
		2D7D2AC727205A7100A9AE24 /* Resources */ = {
			isa = PBXResourcesBuildPhase;
			buildActionMask = 2147483647;
			files = (
			);
			runOnlyForDeploymentPostprocessing = 0;
		};
		2D7D2AD227205A7100A9AE24 /* Resources */ = {
			isa = PBXResourcesBuildPhase;
			buildActionMask = 2147483647;
			files = (
			);
			runOnlyForDeploymentPostprocessing = 0;
		};
/* End PBXResourcesBuildPhase section */

/* Begin PBXSourcesBuildPhase section */
		2D7D2AAF27205A6F00A9AE24 /* Sources */ = {
			isa = PBXSourcesBuildPhase;
			buildActionMask = 2147483647;
			files = (
				2D7D2ABB27205A6F00A9AE24 /* ViewController.swift in Sources */,
				2D7D2AB727205A6F00A9AE24 /* AppDelegate.swift in Sources */,
				2D7D2AB927205A6F00A9AE24 /* SceneDelegate.swift in Sources */,
			);
			runOnlyForDeploymentPostprocessing = 0;
		};
		2D7D2AC527205A7100A9AE24 /* Sources */ = {
			isa = PBXSourcesBuildPhase;
			buildActionMask = 2147483647;
			files = (
				2D7D2ACE27205A7100A9AE24 /* NewsTests.swift in Sources */,
			);
			runOnlyForDeploymentPostprocessing = 0;
		};
		2D7D2AD027205A7100A9AE24 /* Sources */ = {
			isa = PBXSourcesBuildPhase;
			buildActionMask = 2147483647;
			files = (
				2D7D2AD927205A7100A9AE24 /* NewsUITests.swift in Sources */,
			);
			runOnlyForDeploymentPostprocessing = 0;
		};
/* End PBXSourcesBuildPhase section */

/* Begin PBXTargetDependency section */
		2D7D2ACB27205A7100A9AE24 /* PBXTargetDependency */ = {
			isa = PBXTargetDependency;
			target = 2D7D2AB227205A6F00A9AE24 /* News */;
			targetProxy = 2D7D2ACA27205A7100A9AE24 /* PBXContainerItemProxy */;
		};
		2D7D2AD627205A7100A9AE24 /* PBXTargetDependency */ = {
			isa = PBXTargetDependency;
			target = 2D7D2AB227205A6F00A9AE24 /* News */;
			targetProxy = 2D7D2AD527205A7100A9AE24 /* PBXContainerItemProxy */;
		};
/* End PBXTargetDependency section */

/* Begin PBXVariantGroup section */
		2D7D2ABC27205A6F00A9AE24 /* Main.storyboard */ = {
			isa = PBXVariantGroup;
			children = (
				2D7D2ABD27205A6F00A9AE24 /* Base */,
			);
			name = Main.storyboard;
			sourceTree = "<group>";
		};
		2D7D2AC127205A7100A9AE24 /* LaunchScreen.storyboard */ = {
			isa = PBXVariantGroup;
			children = (
				2D7D2AC227205A7100A9AE24 /* Base */,
			);
			name = LaunchScreen.storyboard;
			sourceTree = "<group>";
		};
/* End PBXVariantGroup section */

/* Begin XCBuildConfiguration section */
		2D7D2ADB27205A7100A9AE24 /* Debug */ = {
			isa = XCBuildConfiguration;
			buildSettings = {
				ALWAYS_SEARCH_USER_PATHS = NO;
				CLANG_ANALYZER_NONNULL = YES;
				CLANG_ANALYZER_NUMBER_OBJECT_CONVERSION = YES_AGGRESSIVE;
				CLANG_CXX_LANGUAGE_STANDARD = "gnu++14";
				CLANG_CXX_LIBRARY = "libc++";
				CLANG_ENABLE_MODULES = YES;
				CLANG_ENABLE_OBJC_ARC = YES;
				CLANG_ENABLE_OBJC_WEAK = YES;
				CLANG_WARN_BLOCK_CAPTURE_AUTORELEASING = YES;
				CLANG_WARN_BOOL_CONVERSION = YES;
				CLANG_WARN_COMMA = YES;
				CLANG_WARN_CONSTANT_CONVERSION = YES;
				CLANG_WARN_DEPRECATED_OBJC_IMPLEMENTATIONS = YES;
				CLANG_WARN_DIRECT_OBJC_ISA_USAGE = YES_ERROR;
				CLANG_WARN_DOCUMENTATION_COMMENTS = YES;
				CLANG_WARN_EMPTY_BODY = YES;
				CLANG_WARN_ENUM_CONVERSION = YES;
				CLANG_WARN_INFINITE_RECURSION = YES;
				CLANG_WARN_INT_CONVERSION = YES;
				CLANG_WARN_NON_LITERAL_NULL_CONVERSION = YES;
				CLANG_WARN_OBJC_IMPLICIT_RETAIN_SELF = YES;
				CLANG_WARN_OBJC_LITERAL_CONVERSION = YES;
				CLANG_WARN_OBJC_ROOT_CLASS = YES_ERROR;
				CLANG_WARN_QUOTED_INCLUDE_IN_FRAMEWORK_HEADER = YES;
				CLANG_WARN_RANGE_LOOP_ANALYSIS = YES;
				CLANG_WARN_STRICT_PROTOTYPES = YES;
				CLANG_WARN_SUSPICIOUS_MOVE = YES;
				CLANG_WARN_UNGUARDED_AVAILABILITY = YES_AGGRESSIVE;
				CLANG_WARN_UNREACHABLE_CODE = YES;
				CLANG_WARN__DUPLICATE_METHOD_MATCH = YES;
				COPY_PHASE_STRIP = NO;
				DEBUG_INFORMATION_FORMAT = dwarf;
				ENABLE_STRICT_OBJC_MSGSEND = YES;
				ENABLE_TESTABILITY = YES;
				GCC_C_LANGUAGE_STANDARD = gnu11;
				GCC_DYNAMIC_NO_PIC = NO;
				GCC_NO_COMMON_BLOCKS = YES;
				GCC_OPTIMIZATION_LEVEL = 0;
				GCC_PREPROCESSOR_DEFINITIONS = (
					"DEBUG=1",
					"$(inherited)",
				);
				GCC_WARN_64_TO_32_BIT_CONVERSION = YES;
				GCC_WARN_ABOUT_RETURN_TYPE = YES_ERROR;
				GCC_WARN_UNDECLARED_SELECTOR = YES;
				GCC_WARN_UNINITIALIZED_AUTOS = YES_AGGRESSIVE;
				GCC_WARN_UNUSED_FUNCTION = YES;
				GCC_WARN_UNUSED_VARIABLE = YES;
				IPHONEOS_DEPLOYMENT_TARGET = 14.5;
				MTL_ENABLE_DEBUG_INFO = INCLUDE_SOURCE;
				MTL_FAST_MATH = YES;
				ONLY_ACTIVE_ARCH = YES;
				SDKROOT = iphoneos;
				SWIFT_ACTIVE_COMPILATION_CONDITIONS = DEBUG;
				SWIFT_OPTIMIZATION_LEVEL = "-Onone";
			};
			name = Debug;
		};
		2D7D2ADC27205A7100A9AE24 /* Release */ = {
			isa = XCBuildConfiguration;
			buildSettings = {
				ALWAYS_SEARCH_USER_PATHS = NO;
				CLANG_ANALYZER_NONNULL = YES;
				CLANG_ANALYZER_NUMBER_OBJECT_CONVERSION = YES_AGGRESSIVE;
				CLANG_CXX_LANGUAGE_STANDARD = "gnu++14";
				CLANG_CXX_LIBRARY = "libc++";
				CLANG_ENABLE_MODULES = YES;
				CLANG_ENABLE_OBJC_ARC = YES;
				CLANG_ENABLE_OBJC_WEAK = YES;
				CLANG_WARN_BLOCK_CAPTURE_AUTORELEASING = YES;
				CLANG_WARN_BOOL_CONVERSION = YES;
				CLANG_WARN_COMMA = YES;
				CLANG_WARN_CONSTANT_CONVERSION = YES;
				CLANG_WARN_DEPRECATED_OBJC_IMPLEMENTATIONS = YES;
				CLANG_WARN_DIRECT_OBJC_ISA_USAGE = YES_ERROR;
				CLANG_WARN_DOCUMENTATION_COMMENTS = YES;
				CLANG_WARN_EMPTY_BODY = YES;
				CLANG_WARN_ENUM_CONVERSION = YES;
				CLANG_WARN_INFINITE_RECURSION = YES;
				CLANG_WARN_INT_CONVERSION = YES;
				CLANG_WARN_NON_LITERAL_NULL_CONVERSION = YES;
				CLANG_WARN_OBJC_IMPLICIT_RETAIN_SELF = YES;
				CLANG_WARN_OBJC_LITERAL_CONVERSION = YES;
				CLANG_WARN_OBJC_ROOT_CLASS = YES_ERROR;
				CLANG_WARN_QUOTED_INCLUDE_IN_FRAMEWORK_HEADER = YES;
				CLANG_WARN_RANGE_LOOP_ANALYSIS = YES;
				CLANG_WARN_STRICT_PROTOTYPES = YES;
				CLANG_WARN_SUSPICIOUS_MOVE = YES;
				CLANG_WARN_UNGUARDED_AVAILABILITY = YES_AGGRESSIVE;
				CLANG_WARN_UNREACHABLE_CODE = YES;
				CLANG_WARN__DUPLICATE_METHOD_MATCH = YES;
				COPY_PHASE_STRIP = NO;
				DEBUG_INFORMATION_FORMAT = "dwarf-with-dsym";
				ENABLE_NS_ASSERTIONS = NO;
				ENABLE_STRICT_OBJC_MSGSEND = YES;
				GCC_C_LANGUAGE_STANDARD = gnu11;
				GCC_NO_COMMON_BLOCKS = YES;
				GCC_WARN_64_TO_32_BIT_CONVERSION = YES;
				GCC_WARN_ABOUT_RETURN_TYPE = YES_ERROR;
				GCC_WARN_UNDECLARED_SELECTOR = YES;
				GCC_WARN_UNINITIALIZED_AUTOS = YES_AGGRESSIVE;
				GCC_WARN_UNUSED_FUNCTION = YES;
				GCC_WARN_UNUSED_VARIABLE = YES;
				IPHONEOS_DEPLOYMENT_TARGET = 14.5;
				MTL_ENABLE_DEBUG_INFO = NO;
				MTL_FAST_MATH = YES;
				SDKROOT = iphoneos;
				SWIFT_COMPILATION_MODE = wholemodule;
				SWIFT_OPTIMIZATION_LEVEL = "-O";
				VALIDATE_PRODUCT = YES;
			};
			name = Release;
		};
		2D7D2ADE27205A7100A9AE24 /* Debug */ = {
			isa = XCBuildConfiguration;
			buildSettings = {
				ASSETCATALOG_COMPILER_APPICON_NAME = AppIcon;
				ASSETCATALOG_COMPILER_GLOBAL_ACCENT_COLOR_NAME = AccentColor;
				CODE_SIGN_STYLE = Automatic;
				INFOPLIST_FILE = News/Info.plist;
				LD_RUNPATH_SEARCH_PATHS = (
					"$(inherited)",
					"@executable_path/Frameworks",
				);
				PRODUCT_BUNDLE_IDENTIFIER = com.sample.News;
				PRODUCT_NAME = "$(TARGET_NAME)";
				SWIFT_VERSION = 5.0;
				TARGETED_DEVICE_FAMILY = "1,2";
			};
			name = Debug;
		};
		2D7D2ADF27205A7100A9AE24 /* Release */ = {
			isa = XCBuildConfiguration;
			buildSettings = {
				ASSETCATALOG_COMPILER_APPICON_NAME = AppIcon;
				ASSETCATALOG_COMPILER_GLOBAL_ACCENT_COLOR_NAME = AccentColor;
				CODE_SIGN_STYLE = Automatic;
				INFOPLIST_FILE = News/Info.plist;
				LD_RUNPATH_SEARCH_PATHS = (
					"$(inherited)",
					"@executable_path/Frameworks",
				);
				PRODUCT_BUNDLE_IDENTIFIER = com.sample.News;
				PRODUCT_NAME = "$(TARGET_NAME)";
				SWIFT_VERSION = 5.0;
				TARGETED_DEVICE_FAMILY = "1,2";
			};
			name = Release;
		};
		2D7D2AE127205A7100A9AE24 /* Debug */ = {
			isa = XCBuildConfiguration;
			buildSettings = {
				ALWAYS_EMBED_SWIFT_STANDARD_LIBRARIES = YES;
				BUNDLE_LOADER = "$(TEST_HOST)";
				CODE_SIGN_STYLE = Automatic;
				INFOPLIST_FILE = NewsTests/Info.plist;
				IPHONEOS_DEPLOYMENT_TARGET = 14.5;
				LD_RUNPATH_SEARCH_PATHS = (
					"$(inherited)",
					"@executable_path/Frameworks",
					"@loader_path/Frameworks",
				);
				PRODUCT_BUNDLE_IDENTIFIER = com.sample.NewsTests;
				PRODUCT_NAME = "$(TARGET_NAME)";
				SWIFT_VERSION = 5.0;
				TARGETED_DEVICE_FAMILY = "1,2";
				TEST_HOST = "$(BUILT_PRODUCTS_DIR)/News.app/News";
			};
			name = Debug;
		};
		2D7D2AE227205A7100A9AE24 /* Release */ = {
			isa = XCBuildConfiguration;
			buildSettings = {
				ALWAYS_EMBED_SWIFT_STANDARD_LIBRARIES = YES;
				BUNDLE_LOADER = "$(TEST_HOST)";
				CODE_SIGN_STYLE = Automatic;
				INFOPLIST_FILE = NewsTests/Info.plist;
				IPHONEOS_DEPLOYMENT_TARGET = 14.5;
				LD_RUNPATH_SEARCH_PATHS = (
					"$(inherited)",
					"@executable_path/Frameworks",
					"@loader_path/Frameworks",
				);
				PRODUCT_BUNDLE_IDENTIFIER = com.sample.NewsTests;
				PRODUCT_NAME = "$(TARGET_NAME)";
				SWIFT_VERSION = 5.0;
				TARGETED_DEVICE_FAMILY = "1,2";
				TEST_HOST = "$(BUILT_PRODUCTS_DIR)/News.app/News";
			};
			name = Release;
		};
		2D7D2AE427205A7100A9AE24 /* Debug */ = {
			isa = XCBuildConfiguration;
			buildSettings = {
				ALWAYS_EMBED_SWIFT_STANDARD_LIBRARIES = YES;
				CODE_SIGN_STYLE = Automatic;
				INFOPLIST_FILE = NewsUITests/Info.plist;
				LD_RUNPATH_SEARCH_PATHS = (
					"$(inherited)",
					"@executable_path/Frameworks",
					"@loader_path/Frameworks",
				);
				PRODUCT_BUNDLE_IDENTIFIER = com.sample.NewsUITests;
				PRODUCT_NAME = "$(TARGET_NAME)";
				SWIFT_VERSION = 5.0;
				TARGETED_DEVICE_FAMILY = "1,2";
				TEST_TARGET_NAME = News;
			};
			name = Debug;
		};
		2D7D2AE527205A7100A9AE24 /* Release */ = {
			isa = XCBuildConfiguration;
			buildSettings = {
				ALWAYS_EMBED_SWIFT_STANDARD_LIBRARIES = YES;
				CODE_SIGN_STYLE = Automatic;
				INFOPLIST_FILE = NewsUITests/Info.plist;
				LD_RUNPATH_SEARCH_PATHS = (
					"$(inherited)",
					"@executable_path/Frameworks",
					"@loader_path/Frameworks",
				);
				PRODUCT_BUNDLE_IDENTIFIER = com.sample.NewsUITests;
				PRODUCT_NAME = "$(TARGET_NAME)";
				SWIFT_VERSION = 5.0;
				TARGETED_DEVICE_FAMILY = "1,2";
				TEST_TARGET_NAME = News;
			};
			name = Release;
		};
/* End XCBuildConfiguration section */

/* Begin XCConfigurationList section */
		2D7D2AAE27205A6F00A9AE24 /* Build configuration list for PBXProject "News" */ = {
			isa = XCConfigurationList;
			buildConfigurations = (
				2D7D2ADB27205A7100A9AE24 /* Debug */,
				2D7D2ADC27205A7100A9AE24 /* Release */,
			);
			defaultConfigurationIsVisible = 0;
			defaultConfigurationName = Release;
		};
		2D7D2ADD27205A7100A9AE24 /* Build configuration list for PBXNativeTarget "News" */ = {
			isa = XCConfigurationList;
			buildConfigurations = (
				2D7D2ADE27205A7100A9AE24 /* Debug */,
				2D7D2ADF27205A7100A9AE24 /* Release */,
			);
			defaultConfigurationIsVisible = 0;
			defaultConfigurationName = Release;
		};
		2D7D2AE027205A7100A9AE24 /* Build configuration list for PBXNativeTarget "NewsTests" */ = {
			isa = XCConfigurationList;
			buildConfigurations = (
				2D7D2AE127205A7100A9AE24 /* Debug */,
				2D7D2AE227205A7100A9AE24 /* Release */,
			);
			defaultConfigurationIsVisible = 0;
			defaultConfigurationName = Release;
		};
		2D7D2AE327205A7100A9AE24 /* Build configuration list for PBXNativeTarget "NewsUITests" */ = {
			isa = XCConfigurationList;
			buildConfigurations = (
				2D7D2AE427205A7100A9AE24 /* Debug */,
				2D7D2AE527205A7100A9AE24 /* Release */,
			);
			defaultConfigurationIsVisible = 0;
			defaultConfigurationName = Release;
		};
/* End XCConfigurationList section */
	};
	rootObject = 2D7D2AAB27205A6F00A9AE24 /* Project object */;
}
